{
    "_meta": {
        "hash": {
            "sha256": "804e5ff22ec32aa7209863bb2328817c6db3d85c30f73d11de68fb4968b36431"
        },
        "host-environment-markers": {
            "implementation_name": "cpython",
            "implementation_version": "3.5.4",
            "os_name": "posix",
            "platform_machine": "x86_64",
            "platform_python_implementation": "CPython",
            "platform_release": "4.14.11-300.fc27.x86_64",
            "platform_system": "Linux",
            "platform_version": "#1 SMP Wed Jan 3 13:52:28 UTC 2018",
            "python_full_version": "3.5.4",
            "python_version": "3.5",
            "sys_platform": "linux"
        },
        "pipfile-spec": 6,
        "requires": {
            "python_version": "3.5"
        },
        "sources": [
            {
                "name": "pypi",
                "url": "https://pypi.python.org/simple",
                "verify_ssl": true
            }
        ]
    },
    "default": {
        "047add6": {
            "file": "https://pypi.python.org/packages/source/d/django-smart-selects/django-smart-selects-1.1.1.tar.gz"
        },
        "certifi": {
            "hashes": [
                "sha256:54a07c09c586b0e4c619f02a5e94e36619da8e2b053e20f594348c0611803704",
                "sha256:40523d2efb60523e113b44602298f0960e900388cf3bb6043f645cf57ea9e3f5"
            ],
            "version": "==2017.7.27.1"
        },
        "chardet": {
            "hashes": [
                "sha256:fc323ffcaeaed0e0a02bf4d117757b98aed530d9ed4531e3e15460124c106691",
                "sha256:84ab92ed1c4d4f16916e05906b6b75a6c0fb5db821cc65e70cbd64a3e2a5eaae"
            ],
            "version": "==3.0.4"
        },
        "coreapi": {
            "hashes": [
                "sha256:bf39d118d6d3e171f10df9ede5666f63ad80bba9a29a8ec17726a66cf52ee6f3",
                "sha256:46145fcc1f7017c076a2ef684969b641d18a2991051fddec9458ad3f78ffc1cb"
            ],
            "version": "==2.3.3"
        },
        "coreschema": {
            "hashes": [
                "sha256:5e6ef7bf38c1525d5e55a895934ab4273548629f16aed5c0a6caa74ebf45551f",
                "sha256:9503506007d482ab0867ba14724b93c18a33b22b6d19fb419ef2d239dd4a1607"
            ],
            "version": "==0.0.4"
        },
        "defusedxml": {
            "hashes": [
                "sha256:702a91ade2968a82beb0db1e0766a6a273f33d4616a6ce8cde475d8e09853b20",
                "sha256:24d7f2f94f7f3cb6061acb215685e5125fbcdc40a857eff9de22518820b0a4f4"
            ],
            "version": "==0.5.0"
        },
        "django": {
            "hashes": [
                "sha256:d8e2fd119756ab10b43a31052c3c8efbc262064b81eecb7871372de4d37b1a94",
                "sha256:c7611cdd5e2539a443b7960c7cafd867d986c2720a1b44808deaa60ce3da50c7"
            ],
            "version": "==1.8.18"
        },
        "django-ckeditor": {
            "hashes": [
                "sha256:61eecfa6abbb122568e35ea8672dcb676b7909283a520a0e0420754f83646b21"
            ],
            "version": "==4.5.0"
        },
        "django-clever-selects": {
            "hashes": [
                "sha256:fcafda75d4f62003b4f46b7ee2a90e923ed9c9debc4e3c9aa6d795df9a347c72"
            ],
            "version": "==0.6.9"
        },
        "django-cors-headers": {
            "hashes": [
                "sha256:4e02be61ffaaab5917f1fd7cc3c305c4fb7ccd0156a649c96f49bc0a09c5f572",
                "sha256:451bc37a514792c2b46c52362368f7985985933ecdbf1a85f82652579a5cbe01"
            ],
            "version": "==2.1.0"
        },
        "django-environ": {
            "hashes": [
                "sha256:70cf521f87e64f4dd2aeb87ced006dc98f621e2cdb38134fbcbcf6309fde6244"
            ],
            "version": "==0.4.0"
        },
        "django-extensions": {
            "hashes": [
                "sha256:3c98243bda2b1eb1ccc63db5a614f0ceacbf40144c92b37c5ba755cecbbcc0de",
                "sha256:59c77d2c1bfd0bb1099dcba124a96b28c976c1c7bdcefc22be76aa2d9623654f"
            ],
            "version": "==1.5.5"
        },
        "django-filter": {
            "hashes": [
                "sha256:6ef1611aeacfda8f13a075a992ff65687afbd5cc8fcb0f3f1563a9ad4fe2d1b0",
                "sha256:e44620d4e707beaff7396ac8df765dc015a07467df813b9c1663fe4017934b58"
            ],
            "version": "==1.0.4"
        },
        "django-hosts": {
            "hashes": [
                "sha256:5315327b2bf04276b2f430365551365204a7e5c1dc5aa3d5c30322aee1c2e3da",
                "sha256:783cd90676341588c25bd014a26171571650ad75514145ff37dec589e5390b42"
            ],
            "version": "==2.0"
        },
        "django-localflavor": {
            "hashes": [
                "sha256:afd6627cd0fd396824e44a5e4f7bfe9c8d7a45d9bf09b4db2c0683d92681ba93",
                "sha256:3b5503b512248af661cf91e4f402327619ffc3bc5b3b0ea774a969ed3bf84594"
            ],
            "version": "==1.1"
        },
        "django-piwik": {
            "hashes": [
                "sha256:629eeb2e8c2c90c06feef57f8ce8f523679519cd224a2297f9a5b76936e273cc"
            ],
            "version": "==0.1"
        },
        "django-widget-tweaks": {
            "hashes": [
                "sha256:b85e673c235510b83b265af6e6eaea59a241c8f532ef1fa237bb183d162f2271"
            ],
            "version": "==1.3"
        },
        "django-wkhtmltopdf": {
            "hashes": [
                "sha256:b6501acf0d01faa51e85a78408b5f712c858a234849583a5b2970130d477fa98",
                "sha256:68043eed152ca8fe5909540c54d56e6a7ad78c7ec9c87e92c6b6f9bbed9d7471"
            ],
            "version": "==2.0.2"
        },
        "djangorestframework": {
            "hashes": [
                "sha256:0f9bfbac702f3376dfb2db4971ad8af4e066bfa35393b1b85e085f7e8b91189a",
                "sha256:de8ac68b3cf6dd41b98e01dcc92dc0022a5958f096eafc181a17fa975d18ca42"
            ],
            "version": "==3.6.4"
        },
        "djangorestframework-csv": {
            "hashes": [
                "sha256:641feb000d622cec2113005988c03c9a9ba7ec31e1f422f16b098e2a42f4cc8d"
            ],
            "version": "==2.0.0"
        },
        "djangorestframework-filters": {
            "hashes": [
                "sha256:6d72c304d543b0e5597defe89ba581517455e86ac84efd17526eda27118236e8",
                "sha256:1f51945b46f476b8184518e2881febcf3772b606b73ce022a4b7e7ff3763895d"
            ],
            "version": "==0.10.2"
        },
        "djangorestframework-xml": {
            "hashes": [
                "sha256:f7d5efc26eabbca73db0ff0f0c15b59ca08e36660c02f96563a0d937321f519f",
                "sha256:caea8e446298b7fe1eb9a79306f35554db7531c2e637734d32de3cf99afbdc5a"
            ],
            "version": "==1.3.0"
        },
        "drf-hal-json": {
            "git": "https://github.com/Artory/drf-hal-json"
        },
        "idna": {
            "hashes": [
                "sha256:8c7309c718f94b3a625cb648ace320157ad16ff131ae0af362c9f21b80ef6ec4",
                "sha256:2c6a5de3089009e3da7c5dde64a141dbc8551d5b7f6cf4ed7c2568d0cc520a8f"
            ],
            "version": "==2.6"
        },
        "itypes": {
            "hashes": [
                "sha256:c6e77bb9fd68a4bfeb9d958fea421802282451a25bac4913ec94db82a899c073"
            ],
            "version": "==1.1.0"
        },
        "jinja2": {
            "hashes": [
                "sha256:2231bace0dfd8d2bf1e5d7e41239c06c9e0ded46e70cc1094a0aa64b0afeb054",
                "sha256:ddaa01a212cd6d641401cb01b605f4a4d9f37bfc93043d7f760ec70fb99ff9ff"
            ],
            "version": "==2.9.6"
        },
        "markupsafe": {
            "hashes": [
                "sha256:a6be69091dac236ea9c6bc7d012beab42010fa914c459791d627dad4910eb665"
            ],
            "version": "==1.0"
        },
        "openapi-codec": {
            "hashes": [
                "sha256:1bce63289edf53c601ea3683120641407ff6b708803b8954c8a876fe778d2145"
            ],
            "version": "==1.3.2"
        },
        "psycopg2": {
            "hashes": [
                "sha256:c00afecb302a99a4f83dec9b055c4d1cc196926d62c8db015d68432df8118ca8"
            ],
            "version": "==2.6"
        },
        "raven": {
            "hashes": [
                "sha256:2c9cd4d8c267f57db625305aaa89e7dd852d6864c13c7b84f4d4500df07bebd9",
                "sha256:b8edbb3335ed6c23cb168ced37fb523c1b91d9f3b0eddb90934249977841a902"
            ],
            "version": "==6.4.0"
        },
        "requests": {
            "hashes": [
                "sha256:6a1b267aa90cac58ac3a765d067950e7dbbf75b1da07e895d1f594193a40a38b",
                "sha256:9c443e7324ba5b85070c4a818ade28bfabedf16ea10206da1132edaa6dda237e"
            ],
            "version": "==2.18.4"
        },
        "six": {
            "hashes": [
                "sha256:832dc0e10feb1aa2c68dcc57dbb658f1c7e65b9b61af69048abc87a2db00a0eb",
                "sha256:70e8a77beed4562e7f14fe23a786b54f6296e34344c23bc42f07b15018ff98e9"
            ],
            "version": "==1.11.0"
        },
        "unicodecsv": {
            "hashes": [
                "sha256:018c08037d48649a0412063ff4eda26eaa81eff1546dbffa51fa5293276ff7fc"
            ],
            "version": "==0.14.1"
        },
        "uritemplate": {
            "hashes": [
                "sha256:01c69f4fe8ed503b2951bef85d996a9d22434d2431584b5b107b2981ff416fbd",
                "sha256:1b9c467a940ce9fb9f50df819e8ddd14696f89b9a8cc87ac77952ba416e0a8fd",
                "sha256:c02643cebe23fc8adb5e6becffe201185bf06c40bda5c0b4028a93f1527d011d"
            ],
            "version": "==3.0.0"
        },
        "urllib3": {
            "hashes": [
                "sha256:06330f386d6e4b195fbfc736b297f58c5a892e4440e54d294d7004e3a9bbea1b",
                "sha256:cc44da8e1145637334317feebd728bd869a35285b93cbb4cca2577da7e62db4f"
            ],
            "version": "==1.22"
        },
        "xlsxwriter": {
            "hashes": [
                "sha256:04cb1f4cffff874ff3928141d9a5d53db5ad68e5ef589a96643a15cc01d8c1e4",
                "sha256:68f1a5a3370c4ced2c49442b7163ffc787be5fab3fdaee9a577b25e0409a31f4"
            ],
            "version": "==1.0.0"
        },
        "xlwt": {
            "hashes": [
                "sha256:584d00415f8a27c95a75c5036d37117579c9199ff6d4d4ed98fce43d1b7aa377",
                "sha256:ac432939eec8daa9f88af994ff53f009e607a4e1102772ec0be0b2a86b2c1cf9"
            ],
            "version": "==1.0.0"
        }
    },
    "develop": {
        "attrs": {
            "hashes": [
                "sha256:a17a9573a6f475c99b551c0e0a812707ddda1ec9653bed04c13841404ed6f450",
                "sha256:1c7960ccfd6a005cd9f7ba884e6316b5e430a3f1a6c37c5f87d8b43f83b54ec9"
            ],
            "version": "==17.4.0"
        },
        "django": {
            "hashes": [
                "sha256:52475f607c92035d4ac8fee284f56213065a4a6b25ed43f7e39df0e576e69e9f",
                "sha256:d96b804be412a5125a594023ec524a2010a6ffa4d408e5482ab6ff3cb97ec12f"
            ],
            "version": "==2.0.1"
        },
        "flake8": {
            "hashes": [
                "sha256:c042537b05502f0ee440d950d5f38d5a3c113b03cca473c39ea90001bd9ac857",
                "sha256:d26a9d0252da9f831b8277b824961bb10b1f9d79f4752d32e4814b7bcd1e089b"
            ],
            "version": "==2.4.0"
        },
        "flake8-docstrings": {
            "hashes": [
                "sha256:bc4db23dbe1e6519b97663269e359c6c7d2b9d67b0ce30567067bbe0fcbd2fed",
                "sha256:0a817ce485b2168b1fb10a8b2865788f07b67d0e5195b3b516fe0415eee0525f"
            ],
            "version": "==0.2.1.post1"
        },
        "mccabe": {
            "hashes": [
                "sha256:89cf6bf4ff644ff8b912e2fa7e2abb68d57a8e7e918e393c72840d30d2ebcf0b",
                "sha256:3d8ca9bf65c5014f469180544d1dd5bb5b9df709aad6304f9c2e4370ae0a7b7c"
            ],
            "version": "==0.3"
        },
        "model-mommy": {
            "hashes": [
                "sha256:a5b1af39b782f70ec44738367a6cbf9f4bb355d6c9ef7e2f40e600c6b32025c8",
                "sha256:495716a2127c886b791fb603bc1c7eb1fecbe03d0666e713a60a18fe6cf02c59"
            ],
            "version": "==1.5.0"
        },
        "pep257": {
            "hashes": [
                "sha256:e9604ed78cd36f29f25e417314efd9b7ae300bd5d529a310820fcc0d51429a14",
                "sha256:babdc40506ef6f69d80e3d35ddf6432b4e09f95252e3251b622c501ead9806d5"
            ],
            "version": "==0.5.0"
        },
        "pep8": {
            "hashes": [
                "sha256:62e87fd54535fb932b4a4d94868db523257a1031c8bc6bd358c2015433e646db",
                "sha256:15b42131b25f376165d195fe4e17b0a28311182aaf9330d5eb575bbeda5a6989"
            ],
            "version": "==1.5.7"
        },
        "pluggy": {
            "hashes": [
                "sha256:7f8ae7f5bdf75671a718d2daf0a64b7885f74510bcd98b1a0bb420eb9a9d0cff"
            ],
            "version": "==0.6.0"
        },
        "py": {
            "hashes": [
                "sha256:8cca5c229d225f8c1e3085be4fcf306090b00850fefad892f9d96c7b6e2f310f",
                "sha256:ca18943e28235417756316bfada6cd96b23ce60dd532642690dcfdaba988a76d"
            ],
            "version": "==1.5.2"
        },
        "pyflakes": {
            "hashes": [
                "sha256:ac4571695c10ce1536bcdba1a294b9f2d3e6cc9d0ea171b67d50a0864ce3e042",
                "sha256:3fa80a10b36d51686bf7744f5dc99622cd5c98ce8ed64022e629868aafc17769"
            ],
            "version": "==0.8.1"
        },
        "pygments": {
            "hashes": [
                "sha256:78f3f434bcc5d6ee09020f92ba487f95ba50f1e3ef83ae96b9d5ffa1bab25c5d",
                "sha256:dbae1046def0efb574852fab9e90209b23f556367b5a320c0bcb871c77c3e8cc"
            ],
            "version": "==2.2.0"
        },
        "pytest": {
            "hashes": [
                "sha256:b84878865558194630c6147f44bdaef27222a9f153bbd4a08908b16bf285e0b1",
                "sha256:53548280ede7818f4dc2ad96608b9f08ae2cc2ca3874f2ceb6f97e3583f25bc4"
            ],
            "version": "==3.3.2"
        },
        "pytest-django": {
            "hashes": [
                "sha256:00995c2999b884a38ae9cd30a8c00ed32b3d38c1041250ea84caf18085589662",
                "sha256:038ccc5a9daa1b1b0eb739ab7dce54e495811eca5ea3af4815a2a3ac45152309"
            ],
            "version": "==3.1.2"
        },
        "pytz": {
            "hashes": [
                "sha256:80af0f3008046b9975242012a985f04c5df1f01eed4ec1633d56cc47a75a6a48",
                "sha256:feb2365914948b8620347784b6b6da356f31c9d03560259070b2f30cff3d469d",
                "sha256:59707844a9825589878236ff2f4e0dc9958511b7ffaae94dc615da07d4a68d33",
                "sha256:d0ef5ef55ed3d37854320d4926b04a4cb42a2e88f71da9ddfdacfde8e364f027",
                "sha256:c41c62827ce9cafacd6f2f7018e4f83a6f1986e87bfd000b8cfbd4ab5da95f1a",
                "sha256:8cc90340159b5d7ced6f2ba77694d946fc975b09f1a51d93f3ce3bb399396f94",
                "sha256:dd2e4ca6ce3785c8dd342d1853dd9052b19290d5bf66060846e5dc6b8d6667f7",
                "sha256:699d18a2a56f19ee5698ab1123bbcc1d269d061996aeb1eda6d89248d3542b82",
                "sha256:fae4cffc040921b8a2d60c6cf0b5d662c1190fe54d718271db4eb17d44a185b7"
            ],
            "version": "==2017.3"
        },
        "six": {
            "hashes": [
                "sha256:832dc0e10feb1aa2c68dcc57dbb658f1c7e65b9b61af69048abc87a2db00a0eb",
                "sha256:70e8a77beed4562e7f14fe23a786b54f6296e34344c23bc42f07b15018ff98e9"
            ],
            "version": "==1.11.0"
        }
    }
}
